
Microsoft Visual Studio Solution File, Format Version 12.00
# Visual Studio Version 17
VisualStudioVersion = 17.1.32319.34
MinimumVisualStudioVersion = 10.0.40219.1
Project("{FAE04EC0-301F-11D3-BF4B-00C04F79EFBC}") = "VietQR", "VietQR\VietQR.csproj", "{D9B66C95-1995-4CBF-AD9E-64BA707113BB}"
EndProject
Project("{FAE04EC0-301F-11D3-BF4B-00C04F79EFBC}") = "QRCodeTran", "QRCodeTran\QRCodeTran.csproj", "{36A1F3BA-B9D9-4C91-B55F-E7FE17BBCCEF}"
EndProject
Project("{FAE04EC0-301F-11D3-BF4B-00C04F79EFBC}") = "VietQRLib", "VietQRLib\VietQRLib.csproj", "{AA5A07F1-219E-4814-903A-20001093CE96}"
EndProject
Project("{FAE04EC0-301F-11D3-BF4B-00C04F79EFBC}") = "BIDVQR", "BIDVQR\BIDVQR.csproj", "{BE320B0A-67CB-4FFB-BA54-683A8B0E9CD8}"
EndProject
Global
	GlobalSection(SolutionConfigurationPlatforms) = preSolution
		Debug|Any CPU = Debug|Any CPU
		Release|Any CPU = Release|Any CPU
	EndGlobalSection
	GlobalSection(ProjectConfigurationPlatforms) = postSolution
		{D9B66C95-1995-4CBF-AD9E-64BA707113BB}.Debug|Any CPU.ActiveCfg = Debug|Any CPU
		{D9B66C95-1995-4CBF-AD9E-64BA707113BB}.Debug|Any CPU.Build.0 = Debug|Any CPU
		{D9B66C95-1995-4CBF-AD9E-64BA707113BB}.Release|Any CPU.ActiveCfg = Release|Any CPU
		{D9B66C95-1995-4CBF-AD9E-64BA707113BB}.Release|Any CPU.Build.0 = Release|Any CPU
		{36A1F3BA-B9D9-4C91-B55F-E7FE17BBCCEF}.Debug|Any CPU.ActiveCfg = Debug|Any CPU
		{36A1F3BA-B9D9-4C91-B55F-E7FE17BBCCEF}.Debug|Any CPU.Build.0 = Debug|Any CPU
		{36A1F3BA-B9D9-4C91-B55F-E7FE17BBCCEF}.Release|Any CPU.ActiveCfg = Release|Any CPU
		{36A1F3BA-B9D9-4C91-B55F-E7FE17BBCCEF}.Release|Any CPU.Build.0 = Release|Any CPU
		{AA5A07F1-219E-4814-903A-20001093CE96}.Debug|Any CPU.ActiveCfg = Debug|Any CPU
		{AA5A07F1-219E-4814-903A-20001093CE96}.Debug|Any CPU.Build.0 = Debug|Any CPU
		{AA5A07F1-219E-4814-903A-20001093CE96}.Release|Any CPU.ActiveCfg = Release|Any CPU
		{AA5A07F1-219E-4814-903A-20001093CE96}.Release|Any CPU.Build.0 = Release|Any CPU
		{BE320B0A-67CB-4FFB-BA54-683A8B0E9CD8}.Debug|Any CPU.ActiveCfg = Debug|Any CPU
		{BE320B0A-67CB-4FFB-BA54-683A8B0E9CD8}.Debug|Any CPU.Build.0 = Debug|Any CPU
		{BE320B0A-67CB-4FFB-BA54-683A8B0E9CD8}.Release|Any CPU.ActiveCfg = Release|Any CPU
		{BE320B0A-67CB-4FFB-BA54-683A8B0E9CD8}.Release|Any CPU.Build.0 = Release|Any CPU
	EndGlobalSection
	GlobalSection(SolutionProperties) = preSolution
		HideSolutionNode = FALSE
	EndGlobalSection
	GlobalSection(ExtensibilityGlobals) = postSolution
		SolutionGuid = {377D62A0-4036-473F-8172-19B478B61E46}
	EndGlobalSection
EndGlobal
